
Microsoft Visual Studio Solution File, Format Version 12.00
# Visual Studio Version 17
VisualStudioVersion = 17.0.31903.59
MinimumVisualStudioVersion = 10.0.40219.1
Project("{2150E333-8FDC-42A3-9474-1A3956D46DE8}") = "src", "src", "{827E0CD3-B72D-47B6-A68D-7590B98EB39B}"
EndProject
Project("{FAE04EC0-301F-11D3-BF4B-00C04F79EFBC}") = "Todo.Domain", "src\Todo.Domain\Todo.Domain.csproj", "{4D03F2A8-7A46-4F5B-84F6-727F855E0648}"
EndProject
Project("{FAE04EC0-301F-11D3-BF4B-00C04F79EFBC}") = "Todo.Data", "src\Todo.Data\Todo.Data.csproj", "{C6A63E9B-AAB9-4443-8EF0-309036EF78D9}"
EndProject
Project("{FAE04EC0-301F-11D3-BF4B-00C04F79EFBC}") = "Todo.Api.Controllers", "src\Todo.Api.Controllers\Todo.Api.Controllers.csproj", "{9B144BBC-39BC-4577-9313-9E1B3B0BEAEA}"
EndProject
Global
	GlobalSection(SolutionConfigurationPlatforms) = preSolution
		Debug|Any CPU = Debug|Any CPU
		Debug|x64 = Debug|x64
		Debug|x86 = Debug|x86
		Release|Any CPU = Release|Any CPU
		Release|x64 = Release|x64
		Release|x86 = Release|x86
	EndGlobalSection
	GlobalSection(ProjectConfigurationPlatforms) = postSolution
		{4D03F2A8-7A46-4F5B-84F6-727F855E0648}.Debug|Any CPU.ActiveCfg = Debug|Any CPU
		{4D03F2A8-7A46-4F5B-84F6-727F855E0648}.Debug|Any CPU.Build.0 = Debug|Any CPU
		{4D03F2A8-7A46-4F5B-84F6-727F855E0648}.Debug|x64.ActiveCfg = Debug|Any CPU
		{4D03F2A8-7A46-4F5B-84F6-727F855E0648}.Debug|x64.Build.0 = Debug|Any CPU
		{4D03F2A8-7A46-4F5B-84F6-727F855E0648}.Debug|x86.ActiveCfg = Debug|Any CPU
		{4D03F2A8-7A46-4F5B-84F6-727F855E0648}.Debug|x86.Build.0 = Debug|Any CPU
		{4D03F2A8-7A46-4F5B-84F6-727F855E0648}.Release|Any CPU.ActiveCfg = Release|Any CPU
		{4D03F2A8-7A46-4F5B-84F6-727F855E0648}.Release|Any CPU.Build.0 = Release|Any CPU
		{4D03F2A8-7A46-4F5B-84F6-727F855E0648}.Release|x64.ActiveCfg = Release|Any CPU
		{4D03F2A8-7A46-4F5B-84F6-727F855E0648}.Release|x64.Build.0 = Release|Any CPU
		{4D03F2A8-7A46-4F5B-84F6-727F855E0648}.Release|x86.ActiveCfg = Release|Any CPU
		{4D03F2A8-7A46-4F5B-84F6-727F855E0648}.Release|x86.Build.0 = Release|Any CPU
		{C6A63E9B-AAB9-4443-8EF0-309036EF78D9}.Debug|Any CPU.ActiveCfg = Debug|Any CPU
		{C6A63E9B-AAB9-4443-8EF0-309036EF78D9}.Debug|Any CPU.Build.0 = Debug|Any CPU
		{C6A63E9B-AAB9-4443-8EF0-309036EF78D9}.Debug|x64.ActiveCfg = Debug|Any CPU
		{C6A63E9B-AAB9-4443-8EF0-309036EF78D9}.Debug|x64.Build.0 = Debug|Any CPU
		{C6A63E9B-AAB9-4443-8EF0-309036EF78D9}.Debug|x86.ActiveCfg = Debug|Any CPU
		{C6A63E9B-AAB9-4443-8EF0-309036EF78D9}.Debug|x86.Build.0 = Debug|Any CPU
		{C6A63E9B-AAB9-4443-8EF0-309036EF78D9}.Release|Any CPU.ActiveCfg = Release|Any CPU
		{C6A63E9B-AAB9-4443-8EF0-309036EF78D9}.Release|Any CPU.Build.0 = Release|Any CPU
		{C6A63E9B-AAB9-4443-8EF0-309036EF78D9}.Release|x64.ActiveCfg = Release|Any CPU
		{C6A63E9B-AAB9-4443-8EF0-309036EF78D9}.Release|x64.Build.0 = Release|Any CPU
		{C6A63E9B-AAB9-4443-8EF0-309036EF78D9}.Release|x86.ActiveCfg = Release|Any CPU
		{C6A63E9B-AAB9-4443-8EF0-309036EF78D9}.Release|x86.Build.0 = Release|Any CPU
		{9B144BBC-39BC-4577-9313-9E1B3B0BEAEA}.Debug|Any CPU.ActiveCfg = Debug|Any CPU
		{9B144BBC-39BC-4577-9313-9E1B3B0BEAEA}.Debug|Any CPU.Build.0 = Debug|Any CPU
		{9B144BBC-39BC-4577-9313-9E1B3B0BEAEA}.Debug|x64.ActiveCfg = Debug|Any CPU
		{9B144BBC-39BC-4577-9313-9E1B3B0BEAEA}.Debug|x64.Build.0 = Debug|Any CPU
		{9B144BBC-39BC-4577-9313-9E1B3B0BEAEA}.Debug|x86.ActiveCfg = Debug|Any CPU
		{9B144BBC-39BC-4577-9313-9E1B3B0BEAEA}.Debug|x86.Build.0 = Debug|Any CPU
		{9B144BBC-39BC-4577-9313-9E1B3B0BEAEA}.Release|Any CPU.ActiveCfg = Release|Any CPU
		{9B144BBC-39BC-4577-9313-9E1B3B0BEAEA}.Release|Any CPU.Build.0 = Release|Any CPU
		{9B144BBC-39BC-4577-9313-9E1B3B0BEAEA}.Release|x64.ActiveCfg = Release|Any CPU
		{9B144BBC-39BC-4577-9313-9E1B3B0BEAEA}.Release|x64.Build.0 = Release|Any CPU
		{9B144BBC-39BC-4577-9313-9E1B3B0BEAEA}.Release|x86.ActiveCfg = Release|Any CPU
		{9B144BBC-39BC-4577-9313-9E1B3B0BEAEA}.Release|x86.Build.0 = Release|Any CPU
	EndGlobalSection
	GlobalSection(SolutionProperties) = preSolution
		HideSolutionNode = FALSE
	EndGlobalSection
	GlobalSection(NestedProjects) = preSolution
		{4D03F2A8-7A46-4F5B-84F6-727F855E0648} = {827E0CD3-B72D-47B6-A68D-7590B98EB39B}
		{C6A63E9B-AAB9-4443-8EF0-309036EF78D9} = {827E0CD3-B72D-47B6-A68D-7590B98EB39B}
		{9B144BBC-39BC-4577-9313-9E1B3B0BEAEA} = {827E0CD3-B72D-47B6-A68D-7590B98EB39B}
	EndGlobalSection
EndGlobal
